// !$*UTF8*$!
{
	archiveVersion = 1;
	classes = {
	};
	objectVersion = 55;
	objects = {

/* Begin PBXBuildFile section */
		74F3B1272768FB92009BA355 /* AppDelegate.swift in Sources */ = {isa = PBXBuildFile; fileRef = 74F3B1262768FB92009BA355 /* AppDelegate.swift */; };
		74F3B1292768FB92009BA355 /* SceneDelegate.swift in Sources */ = {isa = PBXBuildFile; fileRef = 74F3B1282768FB92009BA355 /* SceneDelegate.swift */; };
		74F3B12B2768FB92009BA355 /* ViewController.swift in Sources */ = {isa = PBXBuildFile; fileRef = 74F3B12A2768FB92009BA355 /* ViewController.swift */; };
		74F3B12E2768FB92009BA355 /* Main.storyboard in Resources */ = {isa = PBXBuildFile; fileRef = 74F3B12C2768FB92009BA355 /* Main.storyboard */; };
		74F3B1302768FB95009BA355 /* Assets.xcassets in Resources */ = {isa = PBXBuildFile; fileRef = 74F3B12F2768FB95009BA355 /* Assets.xcassets */; };
		74F3B1332768FB95009BA355 /* LaunchScreen.storyboard in Resources */ = {isa = PBXBuildFile; fileRef = 74F3B1312768FB95009BA355 /* LaunchScreen.storyboard */; };
		74F77F7827704DA00093655C /* MyTableViewController.swift in Sources */ = {isa = PBXBuildFile; fileRef = 74F77F7727704DA00093655C /* MyTableViewController.swift */; };
		74F77F7A27704DF60093655C /* MyTableViewController1.swift in Sources */ = {isa = PBXBuildFile; fileRef = 74F77F7927704DF60093655C /* MyTableViewController1.swift */; };
		74F77F7C27704E0A0093655C /* MyTableViewController2.swift in Sources */ = {isa = PBXBuildFile; fileRef = 74F77F7B27704E0A0093655C /* MyTableViewController2.swift */; };
		74F77F7E27704E280093655C /* MyCollectionViewController.swift in Sources */ = {isa = PBXBuildFile; fileRef = 74F77F7D27704E280093655C /* MyCollectionViewController.swift */; };
		74F77F932779F3AF0093655C /* Friends.swift in Sources */ = {isa = PBXBuildFile; fileRef = 74F77F912779F3AF0093655C /* Friends.swift */; };
		74F77F942779F3AF0093655C /* Friends.xib in Resources */ = {isa = PBXBuildFile; fileRef = 74F77F922779F3AF0093655C /* Friends.xib */; };
		74F77F972779F3C50093655C /* Groups.swift in Sources */ = {isa = PBXBuildFile; fileRef = 74F77F952779F3C50093655C /* Groups.swift */; };
		74F77F982779F3C50093655C /* Groups.xib in Resources */ = {isa = PBXBuildFile; fileRef = 74F77F962779F3C50093655C /* Groups.xib */; };
		74F77F9E277A0CED0093655C /* ForecastCollectionCell.swift in Sources */ = {isa = PBXBuildFile; fileRef = 74F77F9C277A0CED0093655C /* ForecastCollectionCell.swift */; };
		74F77F9F277A0CED0093655C /* ForecastCollectionCell.xib in Resources */ = {isa = PBXBuildFile; fileRef = 74F77F9D277A0CED0093655C /* ForecastCollectionCell.xib */; };
		74F77FA4277A1C690093655C /* Class.swift in Sources */ = {isa = PBXBuildFile; fileRef = 74F77FA3277A1C690093655C /* Class.swift */; };
/* End PBXBuildFile section */

/* Begin PBXFileReference section */
		74F3B1232768FB92009BA355 /* дз.app */ = {isa = PBXFileReference; explicitFileType = wrapper.application; includeInIndex = 0; path = "дз.app"; sourceTree = BUILT_PRODUCTS_DIR; };
		74F3B1262768FB92009BA355 /* AppDelegate.swift */ = {isa = PBXFileReference; lastKnownFileType = sourcecode.swift; path = AppDelegate.swift; sourceTree = "<group>"; };
		74F3B1282768FB92009BA355 /* SceneDelegate.swift */ = {isa = PBXFileReference; lastKnownFileType = sourcecode.swift; path = SceneDelegate.swift; sourceTree = "<group>"; };
		74F3B12A2768FB92009BA355 /* ViewController.swift */ = {isa = PBXFileReference; lastKnownFileType = sourcecode.swift; path = ViewController.swift; sourceTree = "<group>"; };
		74F3B12D2768FB92009BA355 /* Base */ = {isa = PBXFileReference; lastKnownFileType = file.storyboard; name = Base; path = Base.lproj/Main.storyboard; sourceTree = "<group>"; };
		74F3B12F2768FB95009BA355 /* Assets.xcassets */ = {isa = PBXFileReference; lastKnownFileType = folder.assetcatalog; path = Assets.xcassets; sourceTree = "<group>"; };
		74F3B1322768FB95009BA355 /* Base */ = {isa = PBXFileReference; lastKnownFileType = file.storyboard; name = Base; path = Base.lproj/LaunchScreen.storyboard; sourceTree = "<group>"; };
		74F3B1342768FB95009BA355 /* Info.plist */ = {isa = PBXFileReference; lastKnownFileType = text.plist.xml; path = Info.plist; sourceTree = "<group>"; };
		74F77F7727704DA00093655C /* MyTableViewController.swift */ = {isa = PBXFileReference; lastKnownFileType = sourcecode.swift; path = MyTableViewController.swift; sourceTree = "<group>"; };
		74F77F7927704DF60093655C /* MyTableViewController1.swift */ = {isa = PBXFileReference; lastKnownFileType = sourcecode.swift; path = MyTableViewController1.swift; sourceTree = "<group>"; };
		74F77F7B27704E0A0093655C /* MyTableViewController2.swift */ = {isa = PBXFileReference; lastKnownFileType = sourcecode.swift; path = MyTableViewController2.swift; sourceTree = "<group>"; };
		74F77F7D27704E280093655C /* MyCollectionViewController.swift */ = {isa = PBXFileReference; lastKnownFileType = sourcecode.swift; path = MyCollectionViewController.swift; sourceTree = "<group>"; };
		74F77F912779F3AF0093655C /* Friends.swift */ = {isa = PBXFileReference; lastKnownFileType = sourcecode.swift; path = Friends.swift; sourceTree = "<group>"; };
		74F77F922779F3AF0093655C /* Friends.xib */ = {isa = PBXFileReference; lastKnownFileType = file.xib; path = Friends.xib; sourceTree = "<group>"; };
		74F77F952779F3C50093655C /* Groups.swift */ = {isa = PBXFileReference; lastKnownFileType = sourcecode.swift; path = Groups.swift; sourceTree = "<group>"; };
		74F77F962779F3C50093655C /* Groups.xib */ = {isa = PBXFileReference; lastKnownFileType = file.xib; path = Groups.xib; sourceTree = "<group>"; };
		74F77F9C277A0CED0093655C /* ForecastCollectionCell.swift */ = {isa = PBXFileReference; lastKnownFileType = sourcecode.swift; path = ForecastCollectionCell.swift; sourceTree = "<group>"; };
		74F77F9D277A0CED0093655C /* ForecastCollectionCell.xib */ = {isa = PBXFileReference; lastKnownFileType = file.xib; path = ForecastCollectionCell.xib; sourceTree = "<group>"; };
		74F77FA3277A1C690093655C /* Class.swift */ = {isa = PBXFileReference; lastKnownFileType = sourcecode.swift; path = Class.swift; sourceTree = "<group>"; };
/* End PBXFileReference section */

/* Begin PBXFrameworksBuildPhase section */
		74F3B1202768FB92009BA355 /* Frameworks */ = {
			isa = PBXFrameworksBuildPhase;
			buildActionMask = 2147483647;
			files = (
			);
			runOnlyForDeploymentPostprocessing = 0;
		};
/* End PBXFrameworksBuildPhase section */

/* Begin PBXGroup section */
		74F3B11A2768FB92009BA355 = {
			isa = PBXGroup;
			children = (
				74F3B1252768FB92009BA355 /* дз */,
				74F3B1242768FB92009BA355 /* Products */,
			);
			sourceTree = "<group>";
		};
		74F3B1242768FB92009BA355 /* Products */ = {
			isa = PBXGroup;
			children = (
				74F3B1232768FB92009BA355 /* дз.app */,
			);
			name = Products;
			sourceTree = "<group>";
		};
		74F3B1252768FB92009BA355 /* дз */ = {
			isa = PBXGroup;
			children = (
				74F3B1262768FB92009BA355 /* AppDelegate.swift */,
				74F3B1282768FB92009BA355 /* SceneDelegate.swift */,
				74F3B12A2768FB92009BA355 /* ViewController.swift */,
				74F77F7D27704E280093655C /* MyCollectionViewController.swift */,
				74F77F9B277A0CA80093655C /* Collection */,
				74F77F7B27704E0A0093655C /* MyTableViewController2.swift */,
				74F77FA2277A1C5A0093655C /* Model */,
				74F77F7927704DF60093655C /* MyTableViewController1.swift */,
				74F77F7727704DA00093655C /* MyTableViewController.swift */,
				74F3B12C2768FB92009BA355 /* Main.storyboard */,
				74F77F912779F3AF0093655C /* Friends.swift */,
				74F77F952779F3C50093655C /* Groups.swift */,
				74F77F962779F3C50093655C /* Groups.xib */,
				74F77F922779F3AF0093655C /* Friends.xib */,
				74F3B12F2768FB95009BA355 /* Assets.xcassets */,
				74F3B1312768FB95009BA355 /* LaunchScreen.storyboard */,
				74F3B1342768FB95009BA355 /* Info.plist */,
			);
			path = "дз";
			sourceTree = "<group>";
		};
		74F77F9B277A0CA80093655C /* Collection */ = {
			isa = PBXGroup;
			children = (
				74F77F9C277A0CED0093655C /* ForecastCollectionCell.swift */,
				74F77F9D277A0CED0093655C /* ForecastCollectionCell.xib */,
			);
			path = Collection;
			sourceTree = "<group>";
		};
		74F77FA2277A1C5A0093655C /* Model */ = {
			isa = PBXGroup;
			children = (
				74F77FA3277A1C690093655C /* Class.swift */,
			);
			path = Model;
			sourceTree = "<group>";
		};
/* End PBXGroup section */

/* Begin PBXNativeTarget section */
		74F3B1222768FB92009BA355 /* дз */ = {
			isa = PBXNativeTarget;
			buildConfigurationList = 74F3B1372768FB95009BA355 /* Build configuration list for PBXNativeTarget "дз" */;
			buildPhases = (
				74F3B11F2768FB92009BA355 /* Sources */,
				74F3B1202768FB92009BA355 /* Frameworks */,
				74F3B1212768FB92009BA355 /* Resources */,
			);
			buildRules = (
			);
			dependencies = (
			);
			name = "дз";
			productName = "дз";
			productReference = 74F3B1232768FB92009BA355 /* дз.app */;
			productType = "com.apple.product-type.application";
		};
/* End PBXNativeTarget section */

/* Begin PBXProject section */
		74F3B11B2768FB92009BA355 /* Project object */ = {
			isa = PBXProject;
			attributes = {
				BuildIndependentTargetsInParallel = 1;
				LastSwiftUpdateCheck = 1320;
				LastUpgradeCheck = 1320;
				TargetAttributes = {
					74F3B1222768FB92009BA355 = {
						CreatedOnToolsVersion = 13.2;
					};
				};
			};
			buildConfigurationList = 74F3B11E2768FB92009BA355 /* Build configuration list for PBXProject "дз" */;
			compatibilityVersion = "Xcode 13.0";
			developmentRegion = en;
			hasScannedForEncodings = 0;
			knownRegions = (
				en,
				Base,
			);
			mainGroup = 74F3B11A2768FB92009BA355;
			productRefGroup = 74F3B1242768FB92009BA355 /* Products */;
			projectDirPath = "";
			projectRoot = "";
			targets = (
				74F3B1222768FB92009BA355 /* дз */,
			);
		};
/* End PBXProject section */

/* Begin PBXResourcesBuildPhase section */
		74F3B1212768FB92009BA355 /* Resources */ = {
			isa = PBXResourcesBuildPhase;
			buildActionMask = 2147483647;
			files = (
				74F77F9F277A0CED0093655C /* ForecastCollectionCell.xib in Resources */,
				74F3B1332768FB95009BA355 /* LaunchScreen.storyboard in Resources */,
				74F3B1302768FB95009BA355 /* Assets.xcassets in Resources */,
				74F3B12E2768FB92009BA355 /* Main.storyboard in Resources */,
				74F77F982779F3C50093655C /* Groups.xib in Resources */,
				74F77F942779F3AF0093655C /* Friends.xib in Resources */,
			);
			runOnlyForDeploymentPostprocessing = 0;
		};
/* End PBXResourcesBuildPhase section */

/* Begin PBXSourcesBuildPhase section */
		74F3B11F2768FB92009BA355 /* Sources */ = {
			isa = PBXSourcesBuildPhase;
			buildActionMask = 2147483647;
			files = (
				74F3B12B2768FB92009BA355 /* ViewController.swift in Sources */,
				74F77FA4277A1C690093655C /* Class.swift in Sources */,
				74F3B1272768FB92009BA355 /* AppDelegate.swift in Sources */,
				74F77F7E27704E280093655C /* MyCollectionViewController.swift in Sources */,
				74F77F932779F3AF0093655C /* Friends.swift in Sources */,
				74F77F7A27704DF60093655C /* MyTableViewController1.swift in Sources */,
				74F3B1292768FB92009BA355 /* SceneDelegate.swift in Sources */,
				74F77F7C27704E0A0093655C /* MyTableViewController2.swift in Sources */,
				74F77F7827704DA00093655C /* MyTableViewController.swift in Sources */,
				74F77F9E277A0CED0093655C /* ForecastCollectionCell.swift in Sources */,
				74F77F972779F3C50093655C /* Groups.swift in Sources */,
			);
			runOnlyForDeploymentPostprocessing = 0;
		};
/* End PBXSourcesBuildPhase section */

/* Begin PBXVariantGroup section */
		74F3B12C2768FB92009BA355 /* Main.storyboard */ = {
			isa = PBXVariantGroup;
			children = (
				74F3B12D2768FB92009BA355 /* Base */,
			);
			name = Main.storyboard;
			sourceTree = "<group>";
		};
		74F3B1312768FB95009BA355 /* LaunchScreen.storyboard */ = {
			isa = PBXVariantGroup;
			children = (
				74F3B1322768FB95009BA355 /* Base */,
			);
			name = LaunchScreen.storyboard;
			sourceTree = "<group>";
		};
/* End PBXVariantGroup section */

/* Begin XCBuildConfiguration section */
		74F3B1352768FB95009BA355 /* Debug */ = {
			isa = XCBuildConfiguration;
			buildSettings = {
				ALWAYS_SEARCH_USER_PATHS = NO;
				CLANG_ANALYZER_NONNULL = YES;
				CLANG_ANALYZER_NUMBER_OBJECT_CONVERSION = YES_AGGRESSIVE;
				CLANG_CXX_LANGUAGE_STANDARD = "gnu++17";
				CLANG_CXX_LIBRARY = "libc++";
				CLANG_ENABLE_MODULES = YES;
				CLANG_ENABLE_OBJC_ARC = YES;
				CLANG_ENABLE_OBJC_WEAK = YES;
				CLANG_WARN_BLOCK_CAPTURE_AUTORELEASING = YES;
				CLANG_WARN_BOOL_CONVERSION = YES;
				CLANG_WARN_COMMA = YES;
				CLANG_WARN_CONSTANT_CONVERSION = YES;
				CLANG_WARN_DEPRECATED_OBJC_IMPLEMENTATIONS = YES;
				CLANG_WARN_DIRECT_OBJC_ISA_USAGE = YES_ERROR;
				CLANG_WARN_DOCUMENTATION_COMMENTS = YES;
				CLANG_WARN_EMPTY_BODY = YES;
				CLANG_WARN_ENUM_CONVERSION = YES;
				CLANG_WARN_INFINITE_RECURSION = YES;
				CLANG_WARN_INT_CONVERSION = YES;
				CLANG_WARN_NON_LITERAL_NULL_CONVERSION = YES;
				CLANG_WARN_OBJC_IMPLICIT_RETAIN_SELF = YES;
				CLANG_WARN_OBJC_LITERAL_CONVERSION = YES;
				CLANG_WARN_OBJC_ROOT_CLASS = YES_ERROR;
				CLANG_WARN_QUOTED_INCLUDE_IN_FRAMEWORK_HEADER = YES;
				CLANG_WARN_RANGE_LOOP_ANALYSIS = YES;
				CLANG_WARN_STRICT_PROTOTYPES = YES;
				CLANG_WARN_SUSPICIOUS_MOVE = YES;
				CLANG_WARN_UNGUARDED_AVAILABILITY = YES_AGGRESSIVE;
				CLANG_WARN_UNREACHABLE_CODE = YES;
				CLANG_WARN__DUPLICATE_METHOD_MATCH = YES;
				COPY_PHASE_STRIP = NO;
				DEBUG_INFORMATION_FORMAT = dwarf;
				ENABLE_STRICT_OBJC_MSGSEND = YES;
				ENABLE_TESTABILITY = YES;
				GCC_C_LANGUAGE_STANDARD = gnu11;
				GCC_DYNAMIC_NO_PIC = NO;
				GCC_NO_COMMON_BLOCKS = YES;
				GCC_OPTIMIZATION_LEVEL = 0;
				GCC_PREPROCESSOR_DEFINITIONS = (
					"DEBUG=1",
					"$(inherited)",
				);
				GCC_WARN_64_TO_32_BIT_CONVERSION = YES;
				GCC_WARN_ABOUT_RETURN_TYPE = YES_ERROR;
				GCC_WARN_UNDECLARED_SELECTOR = YES;
				GCC_WARN_UNINITIALIZED_AUTOS = YES_AGGRESSIVE;
				GCC_WARN_UNUSED_FUNCTION = YES;
				GCC_WARN_UNUSED_VARIABLE = YES;
				IPHONEOS_DEPLOYMENT_TARGET = 15.2;
				MTL_ENABLE_DEBUG_INFO = INCLUDE_SOURCE;
				MTL_FAST_MATH = YES;
				ONLY_ACTIVE_ARCH = YES;
				SDKROOT = iphoneos;
				SWIFT_ACTIVE_COMPILATION_CONDITIONS = DEBUG;
				SWIFT_OPTIMIZATION_LEVEL = "-Onone";
			};
			name = Debug;
		};
		74F3B1362768FB95009BA355 /* Release */ = {
			isa = XCBuildConfiguration;
			buildSettings = {
				ALWAYS_SEARCH_USER_PATHS = NO;
				CLANG_ANALYZER_NONNULL = YES;
				CLANG_ANALYZER_NUMBER_OBJECT_CONVERSION = YES_AGGRESSIVE;
				CLANG_CXX_LANGUAGE_STANDARD = "gnu++17";
				CLANG_CXX_LIBRARY = "libc++";
				CLANG_ENABLE_MODULES = YES;
				CLANG_ENABLE_OBJC_ARC = YES;
				CLANG_ENABLE_OBJC_WEAK = YES;
				CLANG_WARN_BLOCK_CAPTURE_AUTORELEASING = YES;
				CLANG_WARN_BOOL_CONVERSION = YES;
				CLANG_WARN_COMMA = YES;
				CLANG_WARN_CONSTANT_CONVERSION = YES;
				CLANG_WARN_DEPRECATED_OBJC_IMPLEMENTATIONS = YES;
				CLANG_WARN_DIRECT_OBJC_ISA_USAGE = YES_ERROR;
				CLANG_WARN_DOCUMENTATION_COMMENTS = YES;
				CLANG_WARN_EMPTY_BODY = YES;
				CLANG_WARN_ENUM_CONVERSION = YES;
				CLANG_WARN_INFINITE_RECURSION = YES;
				CLANG_WARN_INT_CONVERSION = YES;
				CLANG_WARN_NON_LITERAL_NULL_CONVERSION = YES;
				CLANG_WARN_OBJC_IMPLICIT_RETAIN_SELF = YES;
				CLANG_WARN_OBJC_LITERAL_CONVERSION = YES;
				CLANG_WARN_OBJC_ROOT_CLASS = YES_ERROR;
				CLANG_WARN_QUOTED_INCLUDE_IN_FRAMEWORK_HEADER = YES;
				CLANG_WARN_RANGE_LOOP_ANALYSIS = YES;
				CLANG_WARN_STRICT_PROTOTYPES = YES;
				CLANG_WARN_SUSPICIOUS_MOVE = YES;
				CLANG_WARN_UNGUARDED_AVAILABILITY = YES_AGGRESSIVE;
				CLANG_WARN_UNREACHABLE_CODE = YES;
				CLANG_WARN__DUPLICATE_METHOD_MATCH = YES;
				COPY_PHASE_STRIP = NO;
				DEBUG_INFORMATION_FORMAT = "dwarf-with-dsym";
				ENABLE_NS_ASSERTIONS = NO;
				ENABLE_STRICT_OBJC_MSGSEND = YES;
				GCC_C_LANGUAGE_STANDARD = gnu11;
				GCC_NO_COMMON_BLOCKS = YES;
				GCC_WARN_64_TO_32_BIT_CONVERSION = YES;
				GCC_WARN_ABOUT_RETURN_TYPE = YES_ERROR;
				GCC_WARN_UNDECLARED_SELECTOR = YES;
				GCC_WARN_UNINITIALIZED_AUTOS = YES_AGGRESSIVE;
				GCC_WARN_UNUSED_FUNCTION = YES;
				GCC_WARN_UNUSED_VARIABLE = YES;
				IPHONEOS_DEPLOYMENT_TARGET = 15.2;
				MTL_ENABLE_DEBUG_INFO = NO;
				MTL_FAST_MATH = YES;
				SDKROOT = iphoneos;
				SWIFT_COMPILATION_MODE = wholemodule;
				SWIFT_OPTIMIZATION_LEVEL = "-O";
				VALIDATE_PRODUCT = YES;
			};
			name = Release;
		};
		74F3B1382768FB95009BA355 /* Debug */ = {
			isa = XCBuildConfiguration;
			buildSettings = {
				ASSETCATALOG_COMPILER_APPICON_NAME = AppIcon;
				ASSETCATALOG_COMPILER_GLOBAL_ACCENT_COLOR_NAME = AccentColor;
				CODE_SIGN_STYLE = Automatic;
				CURRENT_PROJECT_VERSION = 1;
				GENERATE_INFOPLIST_FILE = YES;
				INFOPLIST_FILE = "дз/Info.plist";
				INFOPLIST_KEY_CFBundleDisplayName = HomeWork_vkontakte;
				INFOPLIST_KEY_UIApplicationSupportsIndirectInputEvents = YES;
				INFOPLIST_KEY_UILaunchStoryboardName = LaunchScreen;
				INFOPLIST_KEY_UIMainStoryboardFile = Main;
				INFOPLIST_KEY_UISupportedInterfaceOrientations_iPad = "UIInterfaceOrientationPortrait UIInterfaceOrientationPortraitUpsideDown UIInterfaceOrientationLandscapeLeft UIInterfaceOrientationLandscapeRight";
				INFOPLIST_KEY_UISupportedInterfaceOrientations_iPhone = "UIInterfaceOrientationPortrait UIInterfaceOrientationLandscapeLeft UIInterfaceOrientationLandscapeRight";
				LD_RUNPATH_SEARCH_PATHS = (
					"$(inherited)",
					"@executable_path/Frameworks",
				);
				MARKETING_VERSION = 1.0;
				PRODUCT_BUNDLE_IDENTIFIER = "majork.--";
				PRODUCT_NAME = "$(TARGET_NAME)";
				SWIFT_EMIT_LOC_STRINGS = YES;
				SWIFT_VERSION = 5.0;
				TARGETED_DEVICE_FAMILY = "1,2";
			};
			name = Debug;
		};
		74F3B1392768FB95009BA355 /* Release */ = {
			isa = XCBuildConfiguration;
			buildSettings = {
				ASSETCATALOG_COMPILER_APPICON_NAME = AppIcon;
				ASSETCATALOG_COMPILER_GLOBAL_ACCENT_COLOR_NAME = AccentColor;
				CODE_SIGN_STYLE = Automatic;
				CURRENT_PROJECT_VERSION = 1;
				GENERATE_INFOPLIST_FILE = YES;
				INFOPLIST_FILE = "дз/Info.plist";
				INFOPLIST_KEY_CFBundleDisplayName = HomeWork_vkontakte;
				INFOPLIST_KEY_UIApplicationSupportsIndirectInputEvents = YES;
				INFOPLIST_KEY_UILaunchStoryboardName = LaunchScreen;
				INFOPLIST_KEY_UIMainStoryboardFile = Main;
				INFOPLIST_KEY_UISupportedInterfaceOrientations_iPad = "UIInterfaceOrientationPortrait UIInterfaceOrientationPortraitUpsideDown UIInterfaceOrientationLandscapeLeft UIInterfaceOrientationLandscapeRight";
				INFOPLIST_KEY_UISupportedInterfaceOrientations_iPhone = "UIInterfaceOrientationPortrait UIInterfaceOrientationLandscapeLeft UIInterfaceOrientationLandscapeRight";
				LD_RUNPATH_SEARCH_PATHS = (
					"$(inherited)",
					"@executable_path/Frameworks",
				);
				MARKETING_VERSION = 1.0;
				PRODUCT_BUNDLE_IDENTIFIER = "majork.--";
				PRODUCT_NAME = "$(TARGET_NAME)";
				SWIFT_EMIT_LOC_STRINGS = YES;
				SWIFT_VERSION = 5.0;
				TARGETED_DEVICE_FAMILY = "1,2";
			};
			name = Release;
		};
/* End XCBuildConfiguration section */

/* Begin XCConfigurationList section */
		74F3B11E2768FB92009BA355 /* Build configuration list for PBXProject "дз" */ = {
			isa = XCConfigurationList;
			buildConfigurations = (
				74F3B1352768FB95009BA355 /* Debug */,
				74F3B1362768FB95009BA355 /* Release */,
			);
			defaultConfigurationIsVisible = 0;
			defaultConfigurationName = Release;
		};
		74F3B1372768FB95009BA355 /* Build configuration list for PBXNativeTarget "дз" */ = {
			isa = XCConfigurationList;
			buildConfigurations = (
				74F3B1382768FB95009BA355 /* Debug */,
				74F3B1392768FB95009BA355 /* Release */,
			);
			defaultConfigurationIsVisible = 0;
			defaultConfigurationName = Release;
		};
/* End XCConfigurationList section */
	};
	rootObject = 74F3B11B2768FB92009BA355 /* Project object */;
}
